schema: '2.0'
stages:
  train:
    cmd: python src/traffic_light_detection/traffic_light_training.py
    deps:
    - path: dataset
      md5: 3a559397ebc58c1ecf142dea18d03367.dir
      size: 13745063
      nfiles: 2723
    - path: src
      hash: md5
      md5: b6c9cb867c89ad6e86403d9c33538136.dir
      size: 23777
      nfiles: 10
    params:
      params.yaml:
        train:
          epochs: 100
          batch_size: 32
    outs:
    - path: dvclive/metrics.json
      hash: md5
      md5: af33de699558fbfd3edee1607ba88f81
      size: 218
    - path: dvclive/plots
      hash: md5
      md5: 774919de9e9d6820ac6821d0819829c1.dir
      size: 8900
      nfiles: 4
    - path: models
      hash: md5
      md5: ee67bac2f189d2cc5a199d91ba3295ac.dir
      size: 10815
      nfiles: 1
